PODS:
  - Flutter (1.0.0)
  - integration_test (0.0.1):
    - Flutter
  - TensorFlowLiteC (2.17.0):
    - TensorFlowLiteC/Core (= 2.17.0)
  - TensorFlowLiteC/Core (2.17.0)
  - tf_object_detector (0.0.1):
    - Flutter
    - TensorFlowLiteC

DEPENDENCIES:
  - Flutter (from `Flutter`)
  - integration_test (from `.symlinks/plugins/integration_test/ios`)
  - tf_object_detector (from `.symlinks/plugins/tf_object_detector/ios`)

SPEC REPOS:
  trunk:
    - TensorFlowLiteC

EXTERNAL SOURCES:
  Flutter:
    :path: Flutter
  integration_test:
    :path: ".symlinks/plugins/integration_test/ios"
  tf_object_detector:
    :path: ".symlinks/plugins/tf_object_detector/ios"

SPEC CHECKSUMS:
  Flutter: e0871f40cf51350855a761d2e70bf5af5b9b5de7
  integration_test: 252f60fa39af5e17c3aa9899d35d908a0721b573
  TensorFlowLiteC: eac6d689a8d391d1b202dc59e3d9165ba64aaf73
  tf_object_detector: 4ae140df8414227b6e673fbbf5d8953a4cbbbd5d

PODFILE CHECKSUM: 6e700dec67e6deac9b1c69bb14c49a2217a12d15

COCOAPODS: 1.15.2
